
Microsoft Visual Studio Solution File, Format Version 12.00
# Visual Studio Version 17
VisualStudioVersion = 17.4.33213.308
MinimumVisualStudioVersion = 10.0.40219.1
Project("{FAE04EC0-301F-11D3-BF4B-00C04F79EFBC}") = "SuperHeroAPI", "SuperHeroAPI.csproj", "{798943F8-1DCC-44C5-B67C-41587757879D}"
EndProject
Global
	GlobalSection(SolutionConfigurationPlatforms) = preSolution
		Debug|Any CPU = Debug|Any CPU
		Release|Any CPU = Release|Any CPU
	EndGlobalSection
	GlobalSection(ProjectConfigurationPlatforms) = postSolution
		{798943F8-1DCC-44C5-B67C-41587757879D}.Debug|Any CPU.ActiveCfg = Debug|Any CPU
		{798943F8-1DCC-44C5-B67C-41587757879D}.Debug|Any CPU.Build.0 = Debug|Any CPU
		{798943F8-1DCC-44C5-B67C-41587757879D}.Release|Any CPU.ActiveCfg = Release|Any CPU
		{798943F8-1DCC-44C5-B67C-41587757879D}.Release|Any CPU.Build.0 = Release|Any CPU
	EndGlobalSection
	GlobalSection(SolutionProperties) = preSolution
		HideSolutionNode = FALSE
	EndGlobalSection
	GlobalSection(ExtensibilityGlobals) = postSolution
		SolutionGuid = {C118C18F-7B50-41AF-A6A4-A99EB7D53846}
	EndGlobalSection
EndGlobal
